
Microsoft Visual Studio Solution File, Format Version 12.00
# Visual Studio 15
VisualStudioVersion = 15.0.28307.902
MinimumVisualStudioVersion = 10.0.40219.1
Project("{8BC9CEB8-8B4A-11D0-8D11-00A0C91BC942}") = "OpenGLWindow", "window\window.vcxproj", "{4DF06C46-C104-46DE-BE1B-F3766DC68B92}"
EndProject
Project("{8BC9CEB8-8B4A-11D0-8D11-00A0C91BC942}") = "OpenGLTriangle", "OpenGLTriangle\OpenGLTriangle.vcxproj", "{49893275-0A67-4967-8D34-97ACC8AACC37}"
EndProject
Project("{8BC9CEB8-8B4A-11D0-8D11-00A0C91BC942}") = "OpenGLRectangle", "OpenGLRectangle\OpenGLRectangle.vcxproj", "{A4238D1F-E9F6-449C-82EE-0C8691A1585B}"
EndProject
Project("{8BC9CEB8-8B4A-11D0-8D11-00A0C91BC942}") = "OpenGLShader", "OpenGLShader\OpenGLShader.vcxproj", "{55559085-54C4-4CF3-80A7-5D8AE53A621B}"
EndProject
Project("{8BC9CEB8-8B4A-11D0-8D11-00A0C91BC942}") = "OpenGLTexture", "OpenGLTexture\OpenGLTexture.vcxproj", "{722B1101-6172-4F7C-BFA4-FCE9ABB7AEED}"
EndProject
Project("{8BC9CEB8-8B4A-11D0-8D11-00A0C91BC942}") = "OpenGLTransform", "OpenGLTransform\OpenGLTransform.vcxproj", "{E36A01BF-8E83-4379-9B00-8AE022732E61}"
EndProject
Project("{8BC9CEB8-8B4A-11D0-8D11-00A0C91BC942}") = "OpenGL3D", "OpenGL3D\OpenGL3D.vcxproj", "{229908ED-BE5E-4D2B-8D60-8B6A33DEE1A2}"
EndProject
Project("{8BC9CEB8-8B4A-11D0-8D11-00A0C91BC942}") = "OpenGLCameraClass", "OpenGLCameraClass\OpenGLCameraClass.vcxproj", "{47D9ECD5-C11C-4895-8C2D-2BA7B3E27C59}"
EndProject
Project("{8BC9CEB8-8B4A-11D0-8D11-00A0C91BC942}") = "OpenGLLight", "OpenGLLight\OpenGLLight.vcxproj", "{DFB2198A-AC15-4244-B8AF-CFF0B81F2B21}"
EndProject
Project("{8BC9CEB8-8B4A-11D0-8D11-00A0C91BC942}") = "GLAD", "GLAD\GLAD.vcxproj", "{53389DC7-4942-49C3-B7B9-4B77A9EADED9}"
EndProject
Project("{8BC9CEB8-8B4A-11D0-8D11-00A0C91BC942}") = "STB_IMAGE", "STB_IMAGE\STB_IMAGE.vcxproj", "{0A89194B-7A2F-4D58-AA8A-DC052B9C6BF0}"
EndProject
Project("{8BC9CEB8-8B4A-11D0-8D11-00A0C91BC942}") = "OpenGLLightMaterial", "OpenGLLightMaterial\OpenGLLightMaterial.vcxproj", "{ABA2A171-4A04-4AF1-88D4-4525B84EB535}"
EndProject
Project("{8BC9CEB8-8B4A-11D0-8D11-00A0C91BC942}") = "OpenGLLightingMaps", "OpenGLLightingMaps\OpenGLLightingMaps.vcxproj", "{150D41EB-55F9-4ECD-9F28-910F4B4D9AF0}"
EndProject
Project("{8BC9CEB8-8B4A-11D0-8D11-00A0C91BC942}") = "OpenGLLightCasters", "OpenGLLightCasters\OpenGLLightCasters.vcxproj", "{635B8021-7112-43BA-9736-8FE30E774226}"
EndProject
Project("{8BC9CEB8-8B4A-11D0-8D11-00A0C91BC942}") = "OpenGLMultiplelights", "OpenGLMultiplelights\OpenGLMultiplelights.vcxproj", "{B71D803C-AB64-4BBD-8BD9-7FDEE5ACE7A8}"
EndProject
Project("{8BC9CEB8-8B4A-11D0-8D11-00A0C91BC942}") = "OpenGLModelLoading", "OpenGLModelLoading\OpenGLModelLoading.vcxproj", "{A0E64B40-9225-4FF2-85C1-370C5B9AEA05}"
EndProject
Project("{8BC9CEB8-8B4A-11D0-8D11-00A0C91BC942}") = "OpenGLDepthTest", "OpenGLDepthTest\OpenGLDepthTest.vcxproj", "{6A4BB4CC-79F3-49F5-BF69-08631D64F779}"
EndProject
Project("{8BC9CEB8-8B4A-11D0-8D11-00A0C91BC942}") = "OpenGLStencilTesting", "OpenGLStencilTesting\OpenGLStencilTesting.vcxproj", "{01BF8063-55A1-4145-9459-FCCF4B0BB59C}"
EndProject
Project("{8BC9CEB8-8B4A-11D0-8D11-00A0C91BC942}") = "OpenGLBlending", "OpenGLBlending\OpenGLBlending.vcxproj", "{520ABC48-D7B5-45FA-9684-C4CEC0AF6142}"
EndProject
Global
	GlobalSection(SolutionConfigurationPlatforms) = preSolution
		Debug|x64 = Debug|x64
		Debug|x86 = Debug|x86
		Release|x64 = Release|x64
		Release|x86 = Release|x86
	EndGlobalSection
	GlobalSection(ProjectConfigurationPlatforms) = postSolution
		{4DF06C46-C104-46DE-BE1B-F3766DC68B92}.Debug|x64.ActiveCfg = Debug|x64
		{4DF06C46-C104-46DE-BE1B-F3766DC68B92}.Debug|x64.Build.0 = Debug|x64
		{4DF06C46-C104-46DE-BE1B-F3766DC68B92}.Debug|x86.ActiveCfg = Debug|Win32
		{4DF06C46-C104-46DE-BE1B-F3766DC68B92}.Debug|x86.Build.0 = Debug|Win32
		{4DF06C46-C104-46DE-BE1B-F3766DC68B92}.Release|x64.ActiveCfg = Release|x64
		{4DF06C46-C104-46DE-BE1B-F3766DC68B92}.Release|x64.Build.0 = Release|x64
		{4DF06C46-C104-46DE-BE1B-F3766DC68B92}.Release|x86.ActiveCfg = Release|Win32
		{4DF06C46-C104-46DE-BE1B-F3766DC68B92}.Release|x86.Build.0 = Release|Win32
		{49893275-0A67-4967-8D34-97ACC8AACC37}.Debug|x64.ActiveCfg = Debug|x64
		{49893275-0A67-4967-8D34-97ACC8AACC37}.Debug|x64.Build.0 = Debug|x64
		{49893275-0A67-4967-8D34-97ACC8AACC37}.Debug|x86.ActiveCfg = Debug|Win32
		{49893275-0A67-4967-8D34-97ACC8AACC37}.Debug|x86.Build.0 = Debug|Win32
		{49893275-0A67-4967-8D34-97ACC8AACC37}.Release|x64.ActiveCfg = Release|x64
		{49893275-0A67-4967-8D34-97ACC8AACC37}.Release|x64.Build.0 = Release|x64
		{49893275-0A67-4967-8D34-97ACC8AACC37}.Release|x86.ActiveCfg = Release|Win32
		{49893275-0A67-4967-8D34-97ACC8AACC37}.Release|x86.Build.0 = Release|Win32
		{A4238D1F-E9F6-449C-82EE-0C8691A1585B}.Debug|x64.ActiveCfg = Debug|x64
		{A4238D1F-E9F6-449C-82EE-0C8691A1585B}.Debug|x64.Build.0 = Debug|x64
		{A4238D1F-E9F6-449C-82EE-0C8691A1585B}.Debug|x86.ActiveCfg = Debug|Win32
		{A4238D1F-E9F6-449C-82EE-0C8691A1585B}.Debug|x86.Build.0 = Debug|Win32
		{A4238D1F-E9F6-449C-82EE-0C8691A1585B}.Release|x64.ActiveCfg = Release|x64
		{A4238D1F-E9F6-449C-82EE-0C8691A1585B}.Release|x64.Build.0 = Release|x64
		{A4238D1F-E9F6-449C-82EE-0C8691A1585B}.Release|x86.ActiveCfg = Release|Win32
		{A4238D1F-E9F6-449C-82EE-0C8691A1585B}.Release|x86.Build.0 = Release|Win32
		{55559085-54C4-4CF3-80A7-5D8AE53A621B}.Debug|x64.ActiveCfg = Debug|x64
		{55559085-54C4-4CF3-80A7-5D8AE53A621B}.Debug|x64.Build.0 = Debug|x64
		{55559085-54C4-4CF3-80A7-5D8AE53A621B}.Debug|x86.ActiveCfg = Debug|Win32
		{55559085-54C4-4CF3-80A7-5D8AE53A621B}.Debug|x86.Build.0 = Debug|Win32
		{55559085-54C4-4CF3-80A7-5D8AE53A621B}.Release|x64.ActiveCfg = Release|x64
		{55559085-54C4-4CF3-80A7-5D8AE53A621B}.Release|x64.Build.0 = Release|x64
		{55559085-54C4-4CF3-80A7-5D8AE53A621B}.Release|x86.ActiveCfg = Release|Win32
		{55559085-54C4-4CF3-80A7-5D8AE53A621B}.Release|x86.Build.0 = Release|Win32
		{722B1101-6172-4F7C-BFA4-FCE9ABB7AEED}.Debug|x64.ActiveCfg = Debug|x64
		{722B1101-6172-4F7C-BFA4-FCE9ABB7AEED}.Debug|x64.Build.0 = Debug|x64
		{722B1101-6172-4F7C-BFA4-FCE9ABB7AEED}.Debug|x86.ActiveCfg = Debug|Win32
		{722B1101-6172-4F7C-BFA4-FCE9ABB7AEED}.Debug|x86.Build.0 = Debug|Win32
		{722B1101-6172-4F7C-BFA4-FCE9ABB7AEED}.Release|x64.ActiveCfg = Release|x64
		{722B1101-6172-4F7C-BFA4-FCE9ABB7AEED}.Release|x64.Build.0 = Release|x64
		{722B1101-6172-4F7C-BFA4-FCE9ABB7AEED}.Release|x86.ActiveCfg = Release|Win32
		{722B1101-6172-4F7C-BFA4-FCE9ABB7AEED}.Release|x86.Build.0 = Release|Win32
		{E36A01BF-8E83-4379-9B00-8AE022732E61}.Debug|x64.ActiveCfg = Debug|x64
		{E36A01BF-8E83-4379-9B00-8AE022732E61}.Debug|x64.Build.0 = Debug|x64
		{E36A01BF-8E83-4379-9B00-8AE022732E61}.Debug|x86.ActiveCfg = Debug|Win32
		{E36A01BF-8E83-4379-9B00-8AE022732E61}.Debug|x86.Build.0 = Debug|Win32
		{E36A01BF-8E83-4379-9B00-8AE022732E61}.Release|x64.ActiveCfg = Release|x64
		{E36A01BF-8E83-4379-9B00-8AE022732E61}.Release|x64.Build.0 = Release|x64
		{E36A01BF-8E83-4379-9B00-8AE022732E61}.Release|x86.ActiveCfg = Release|Win32
		{E36A01BF-8E83-4379-9B00-8AE022732E61}.Release|x86.Build.0 = Release|Win32
		{229908ED-BE5E-4D2B-8D60-8B6A33DEE1A2}.Debug|x64.ActiveCfg = Debug|x64
		{229908ED-BE5E-4D2B-8D60-8B6A33DEE1A2}.Debug|x64.Build.0 = Debug|x64
		{229908ED-BE5E-4D2B-8D60-8B6A33DEE1A2}.Debug|x86.ActiveCfg = Debug|Win32
		{229908ED-BE5E-4D2B-8D60-8B6A33DEE1A2}.Debug|x86.Build.0 = Debug|Win32
		{229908ED-BE5E-4D2B-8D60-8B6A33DEE1A2}.Release|x64.ActiveCfg = Release|x64
		{229908ED-BE5E-4D2B-8D60-8B6A33DEE1A2}.Release|x64.Build.0 = Release|x64
		{229908ED-BE5E-4D2B-8D60-8B6A33DEE1A2}.Release|x86.ActiveCfg = Release|Win32
		{229908ED-BE5E-4D2B-8D60-8B6A33DEE1A2}.Release|x86.Build.0 = Release|Win32
		{47D9ECD5-C11C-4895-8C2D-2BA7B3E27C59}.Debug|x64.ActiveCfg = Debug|x64
		{47D9ECD5-C11C-4895-8C2D-2BA7B3E27C59}.Debug|x64.Build.0 = Debug|x64
		{47D9ECD5-C11C-4895-8C2D-2BA7B3E27C59}.Debug|x86.ActiveCfg = Debug|Win32
		{47D9ECD5-C11C-4895-8C2D-2BA7B3E27C59}.Debug|x86.Build.0 = Debug|Win32
		{47D9ECD5-C11C-4895-8C2D-2BA7B3E27C59}.Release|x64.ActiveCfg = Release|x64
		{47D9ECD5-C11C-4895-8C2D-2BA7B3E27C59}.Release|x64.Build.0 = Release|x64
		{47D9ECD5-C11C-4895-8C2D-2BA7B3E27C59}.Release|x86.ActiveCfg = Release|Win32
		{47D9ECD5-C11C-4895-8C2D-2BA7B3E27C59}.Release|x86.Build.0 = Release|Win32
		{DFB2198A-AC15-4244-B8AF-CFF0B81F2B21}.Debug|x64.ActiveCfg = Debug|x64
		{DFB2198A-AC15-4244-B8AF-CFF0B81F2B21}.Debug|x64.Build.0 = Debug|x64
		{DFB2198A-AC15-4244-B8AF-CFF0B81F2B21}.Debug|x86.ActiveCfg = Debug|Win32
		{DFB2198A-AC15-4244-B8AF-CFF0B81F2B21}.Debug|x86.Build.0 = Debug|Win32
		{DFB2198A-AC15-4244-B8AF-CFF0B81F2B21}.Release|x64.ActiveCfg = Release|x64
		{DFB2198A-AC15-4244-B8AF-CFF0B81F2B21}.Release|x64.Build.0 = Release|x64
		{DFB2198A-AC15-4244-B8AF-CFF0B81F2B21}.Release|x86.ActiveCfg = Release|Win32
		{DFB2198A-AC15-4244-B8AF-CFF0B81F2B21}.Release|x86.Build.0 = Release|Win32
		{53389DC7-4942-49C3-B7B9-4B77A9EADED9}.Debug|x64.ActiveCfg = Debug|x64
		{53389DC7-4942-49C3-B7B9-4B77A9EADED9}.Debug|x64.Build.0 = Debug|x64
		{53389DC7-4942-49C3-B7B9-4B77A9EADED9}.Debug|x86.ActiveCfg = Debug|Win32
		{53389DC7-4942-49C3-B7B9-4B77A9EADED9}.Debug|x86.Build.0 = Debug|Win32
		{53389DC7-4942-49C3-B7B9-4B77A9EADED9}.Release|x64.ActiveCfg = Release|x64
		{53389DC7-4942-49C3-B7B9-4B77A9EADED9}.Release|x64.Build.0 = Release|x64
		{53389DC7-4942-49C3-B7B9-4B77A9EADED9}.Release|x86.ActiveCfg = Release|Win32
		{53389DC7-4942-49C3-B7B9-4B77A9EADED9}.Release|x86.Build.0 = Release|Win32
		{0A89194B-7A2F-4D58-AA8A-DC052B9C6BF0}.Debug|x64.ActiveCfg = Debug|x64
		{0A89194B-7A2F-4D58-AA8A-DC052B9C6BF0}.Debug|x64.Build.0 = Debug|x64
		{0A89194B-7A2F-4D58-AA8A-DC052B9C6BF0}.Debug|x86.ActiveCfg = Debug|Win32
		{0A89194B-7A2F-4D58-AA8A-DC052B9C6BF0}.Debug|x86.Build.0 = Debug|Win32
		{0A89194B-7A2F-4D58-AA8A-DC052B9C6BF0}.Release|x64.ActiveCfg = Release|x64
		{0A89194B-7A2F-4D58-AA8A-DC052B9C6BF0}.Release|x64.Build.0 = Release|x64
		{0A89194B-7A2F-4D58-AA8A-DC052B9C6BF0}.Release|x86.ActiveCfg = Release|Win32
		{0A89194B-7A2F-4D58-AA8A-DC052B9C6BF0}.Release|x86.Build.0 = Release|Win32
		{ABA2A171-4A04-4AF1-88D4-4525B84EB535}.Debug|x64.ActiveCfg = Debug|x64
		{ABA2A171-4A04-4AF1-88D4-4525B84EB535}.Debug|x64.Build.0 = Debug|x64
		{ABA2A171-4A04-4AF1-88D4-4525B84EB535}.Debug|x86.ActiveCfg = Debug|Win32
		{ABA2A171-4A04-4AF1-88D4-4525B84EB535}.Debug|x86.Build.0 = Debug|Win32
		{ABA2A171-4A04-4AF1-88D4-4525B84EB535}.Release|x64.ActiveCfg = Release|x64
		{ABA2A171-4A04-4AF1-88D4-4525B84EB535}.Release|x64.Build.0 = Release|x64
		{ABA2A171-4A04-4AF1-88D4-4525B84EB535}.Release|x86.ActiveCfg = Release|Win32
		{ABA2A171-4A04-4AF1-88D4-4525B84EB535}.Release|x86.Build.0 = Release|Win32
		{150D41EB-55F9-4ECD-9F28-910F4B4D9AF0}.Debug|x64.ActiveCfg = Debug|x64
		{150D41EB-55F9-4ECD-9F28-910F4B4D9AF0}.Debug|x64.Build.0 = Debug|x64
		{150D41EB-55F9-4ECD-9F28-910F4B4D9AF0}.Debug|x86.ActiveCfg = Debug|Win32
		{150D41EB-55F9-4ECD-9F28-910F4B4D9AF0}.Debug|x86.Build.0 = Debug|Win32
		{150D41EB-55F9-4ECD-9F28-910F4B4D9AF0}.Release|x64.ActiveCfg = Release|x64
		{150D41EB-55F9-4ECD-9F28-910F4B4D9AF0}.Release|x64.Build.0 = Release|x64
		{150D41EB-55F9-4ECD-9F28-910F4B4D9AF0}.Release|x86.ActiveCfg = Release|Win32
		{150D41EB-55F9-4ECD-9F28-910F4B4D9AF0}.Release|x86.Build.0 = Release|Win32
		{635B8021-7112-43BA-9736-8FE30E774226}.Debug|x64.ActiveCfg = Debug|x64
		{635B8021-7112-43BA-9736-8FE30E774226}.Debug|x64.Build.0 = Debug|x64
		{635B8021-7112-43BA-9736-8FE30E774226}.Debug|x86.ActiveCfg = Debug|Win32
		{635B8021-7112-43BA-9736-8FE30E774226}.Debug|x86.Build.0 = Debug|Win32
		{635B8021-7112-43BA-9736-8FE30E774226}.Release|x64.ActiveCfg = Release|x64
		{635B8021-7112-43BA-9736-8FE30E774226}.Release|x64.Build.0 = Release|x64
		{635B8021-7112-43BA-9736-8FE30E774226}.Release|x86.ActiveCfg = Release|Win32
		{635B8021-7112-43BA-9736-8FE30E774226}.Release|x86.Build.0 = Release|Win32
		{B71D803C-AB64-4BBD-8BD9-7FDEE5ACE7A8}.Debug|x64.ActiveCfg = Debug|x64
		{B71D803C-AB64-4BBD-8BD9-7FDEE5ACE7A8}.Debug|x64.Build.0 = Debug|x64
		{B71D803C-AB64-4BBD-8BD9-7FDEE5ACE7A8}.Debug|x86.ActiveCfg = Debug|Win32
		{B71D803C-AB64-4BBD-8BD9-7FDEE5ACE7A8}.Debug|x86.Build.0 = Debug|Win32
		{B71D803C-AB64-4BBD-8BD9-7FDEE5ACE7A8}.Release|x64.ActiveCfg = Release|x64
		{B71D803C-AB64-4BBD-8BD9-7FDEE5ACE7A8}.Release|x64.Build.0 = Release|x64
		{B71D803C-AB64-4BBD-8BD9-7FDEE5ACE7A8}.Release|x86.ActiveCfg = Release|Win32
		{B71D803C-AB64-4BBD-8BD9-7FDEE5ACE7A8}.Release|x86.Build.0 = Release|Win32
		{A0E64B40-9225-4FF2-85C1-370C5B9AEA05}.Debug|x64.ActiveCfg = Debug|x64
		{A0E64B40-9225-4FF2-85C1-370C5B9AEA05}.Debug|x64.Build.0 = Debug|x64
		{A0E64B40-9225-4FF2-85C1-370C5B9AEA05}.Debug|x86.ActiveCfg = Debug|Win32
		{A0E64B40-9225-4FF2-85C1-370C5B9AEA05}.Debug|x86.Build.0 = Debug|Win32
		{A0E64B40-9225-4FF2-85C1-370C5B9AEA05}.Release|x64.ActiveCfg = Release|x64
		{A0E64B40-9225-4FF2-85C1-370C5B9AEA05}.Release|x64.Build.0 = Release|x64
		{A0E64B40-9225-4FF2-85C1-370C5B9AEA05}.Release|x86.ActiveCfg = Release|Win32
		{A0E64B40-9225-4FF2-85C1-370C5B9AEA05}.Release|x86.Build.0 = Release|Win32
		{6A4BB4CC-79F3-49F5-BF69-08631D64F779}.Debug|x64.ActiveCfg = Debug|x64
		{6A4BB4CC-79F3-49F5-BF69-08631D64F779}.Debug|x64.Build.0 = Debug|x64
		{6A4BB4CC-79F3-49F5-BF69-08631D64F779}.Debug|x86.ActiveCfg = Debug|Win32
		{6A4BB4CC-79F3-49F5-BF69-08631D64F779}.Debug|x86.Build.0 = Debug|Win32
		{6A4BB4CC-79F3-49F5-BF69-08631D64F779}.Release|x64.ActiveCfg = Release|x64
		{6A4BB4CC-79F3-49F5-BF69-08631D64F779}.Release|x64.Build.0 = Release|x64
		{6A4BB4CC-79F3-49F5-BF69-08631D64F779}.Release|x86.ActiveCfg = Release|Win32
		{6A4BB4CC-79F3-49F5-BF69-08631D64F779}.Release|x86.Build.0 = Release|Win32
		{01BF8063-55A1-4145-9459-FCCF4B0BB59C}.Debug|x64.ActiveCfg = Debug|x64
		{01BF8063-55A1-4145-9459-FCCF4B0BB59C}.Debug|x64.Build.0 = Debug|x64
		{01BF8063-55A1-4145-9459-FCCF4B0BB59C}.Debug|x86.ActiveCfg = Debug|Win32
		{01BF8063-55A1-4145-9459-FCCF4B0BB59C}.Debug|x86.Build.0 = Debug|Win32
		{01BF8063-55A1-4145-9459-FCCF4B0BB59C}.Release|x64.ActiveCfg = Release|x64
		{01BF8063-55A1-4145-9459-FCCF4B0BB59C}.Release|x64.Build.0 = Release|x64
		{01BF8063-55A1-4145-9459-FCCF4B0BB59C}.Release|x86.ActiveCfg = Release|Win32
		{01BF8063-55A1-4145-9459-FCCF4B0BB59C}.Release|x86.Build.0 = Release|Win32
		{520ABC48-D7B5-45FA-9684-C4CEC0AF6142}.Debug|x64.ActiveCfg = Debug|x64
		{520ABC48-D7B5-45FA-9684-C4CEC0AF6142}.Debug|x64.Build.0 = Debug|x64
		{520ABC48-D7B5-45FA-9684-C4CEC0AF6142}.Debug|x86.ActiveCfg = Debug|Win32
		{520ABC48-D7B5-45FA-9684-C4CEC0AF6142}.Debug|x86.Build.0 = Debug|Win32
		{520ABC48-D7B5-45FA-9684-C4CEC0AF6142}.Release|x64.ActiveCfg = Release|x64
		{520ABC48-D7B5-45FA-9684-C4CEC0AF6142}.Release|x64.Build.0 = Release|x64
		{520ABC48-D7B5-45FA-9684-C4CEC0AF6142}.Release|x86.ActiveCfg = Release|Win32
		{520ABC48-D7B5-45FA-9684-C4CEC0AF6142}.Release|x86.Build.0 = Release|Win32
	EndGlobalSection
	GlobalSection(SolutionProperties) = preSolution
		HideSolutionNode = FALSE
	EndGlobalSection
	GlobalSection(ExtensibilityGlobals) = postSolution
		SolutionGuid = {705E4783-CDF0-477A-BBEB-BC524C3BA2CB}
	EndGlobalSection
EndGlobal
